
Microsoft Visual Studio Solution File, Format Version 12.00
# Visual Studio Version 16
VisualStudioVersion = 16.0.31205.134
MinimumVisualStudioVersion = 10.0.40219.1
Project("{2150E333-8FDC-42A3-9474-1A3956D46DE8}") = "ShopManagement", "ShopManagement", "{4E355EDB-2A8D-4145-A921-E5AAEC4EFD2F}"
EndProject
Project("{2150E333-8FDC-42A3-9474-1A3956D46DE8}") = "SM.Domain", "SM.Domain", "{2949B017-FAC1-4982-A981-754D7775BF7D}"
EndProject
Project("{FAE04EC0-301F-11D3-BF4B-00C04F79EFBC}") = "ShopManagement.Domain", "ShopManagement.Domain\ShopManagement.Domain.csproj", "{8E336D00-727E-453C-A2D8-458BE9679DDA}"
EndProject
Project("{2150E333-8FDC-42A3-9474-1A3956D46DE8}") = "SM.Application", "SM.Application", "{66B3162F-8DBE-4C4D-A53E-D2E2079B6525}"
EndProject
Project("{FAE04EC0-301F-11D3-BF4B-00C04F79EFBC}") = "ShopManagement.Application.Contracts", "ShopManagement.Application.Contracts\ShopManagement.Application.Contracts.csproj", "{C425FF84-B3C9-4B54-86D1-5AE247677013}"
EndProject
Project("{2150E333-8FDC-42A3-9474-1A3956D46DE8}") = "SM.Infrastructure", "SM.Infrastructure", "{83BE8224-30C3-47CA-ACAA-8A76AA8F524D}"
EndProject
Project("{FAE04EC0-301F-11D3-BF4B-00C04F79EFBC}") = "SopManagement.Infrastructure.EFCore", "SopManagement.Infrastructure.EFCore\SopManagement.Infrastructure.EFCore.csproj", "{54C400D3-50D7-431B-8D66-E5E088D1C4B7}"
EndProject
Project("{FAE04EC0-301F-11D3-BF4B-00C04F79EFBC}") = "ShopManagement.Application", "ShopManagement.Application\ShopManagement.Application.csproj", "{0320CB85-7304-40E4-80E7-5BEA195644A1}"
EndProject
Project("{FAE04EC0-301F-11D3-BF4B-00C04F79EFBC}") = "0_Framework", "0_Framework\0_Framework.csproj", "{B87936E1-6A67-4BD9-BEE6-0CA9B3BC29C9}"
EndProject
Project("{FAE04EC0-301F-11D3-BF4B-00C04F79EFBC}") = "ShopManagement.Configuration", "ShopManagment.Configuration\ShopManagement.Configuration.csproj", "{836C4A96-DC57-4FAF-ABB8-A28FC1CF54A4}"
EndProject
Project("{FAE04EC0-301F-11D3-BF4B-00C04F79EFBC}") = "ServiceHost", "ServiceHost\ServiceHost.csproj", "{BF6AE791-D8C5-4DD7-B250-C4C7A6322B01}"
EndProject
Global
	GlobalSection(SolutionConfigurationPlatforms) = preSolution
		Debug|Any CPU = Debug|Any CPU
		Release|Any CPU = Release|Any CPU
	EndGlobalSection
	GlobalSection(ProjectConfigurationPlatforms) = postSolution
		{8E336D00-727E-453C-A2D8-458BE9679DDA}.Debug|Any CPU.ActiveCfg = Debug|Any CPU
		{8E336D00-727E-453C-A2D8-458BE9679DDA}.Debug|Any CPU.Build.0 = Debug|Any CPU
		{8E336D00-727E-453C-A2D8-458BE9679DDA}.Release|Any CPU.ActiveCfg = Release|Any CPU
		{8E336D00-727E-453C-A2D8-458BE9679DDA}.Release|Any CPU.Build.0 = Release|Any CPU
		{C425FF84-B3C9-4B54-86D1-5AE247677013}.Debug|Any CPU.ActiveCfg = Debug|Any CPU
		{C425FF84-B3C9-4B54-86D1-5AE247677013}.Debug|Any CPU.Build.0 = Debug|Any CPU
		{C425FF84-B3C9-4B54-86D1-5AE247677013}.Release|Any CPU.ActiveCfg = Release|Any CPU
		{C425FF84-B3C9-4B54-86D1-5AE247677013}.Release|Any CPU.Build.0 = Release|Any CPU
		{54C400D3-50D7-431B-8D66-E5E088D1C4B7}.Debug|Any CPU.ActiveCfg = Debug|Any CPU
		{54C400D3-50D7-431B-8D66-E5E088D1C4B7}.Debug|Any CPU.Build.0 = Debug|Any CPU
		{54C400D3-50D7-431B-8D66-E5E088D1C4B7}.Release|Any CPU.ActiveCfg = Release|Any CPU
		{54C400D3-50D7-431B-8D66-E5E088D1C4B7}.Release|Any CPU.Build.0 = Release|Any CPU
		{0320CB85-7304-40E4-80E7-5BEA195644A1}.Debug|Any CPU.ActiveCfg = Debug|Any CPU
		{0320CB85-7304-40E4-80E7-5BEA195644A1}.Debug|Any CPU.Build.0 = Debug|Any CPU
		{0320CB85-7304-40E4-80E7-5BEA195644A1}.Release|Any CPU.ActiveCfg = Release|Any CPU
		{0320CB85-7304-40E4-80E7-5BEA195644A1}.Release|Any CPU.Build.0 = Release|Any CPU
		{B87936E1-6A67-4BD9-BEE6-0CA9B3BC29C9}.Debug|Any CPU.ActiveCfg = Debug|Any CPU
		{B87936E1-6A67-4BD9-BEE6-0CA9B3BC29C9}.Debug|Any CPU.Build.0 = Debug|Any CPU
		{B87936E1-6A67-4BD9-BEE6-0CA9B3BC29C9}.Release|Any CPU.ActiveCfg = Release|Any CPU
		{B87936E1-6A67-4BD9-BEE6-0CA9B3BC29C9}.Release|Any CPU.Build.0 = Release|Any CPU
		{836C4A96-DC57-4FAF-ABB8-A28FC1CF54A4}.Debug|Any CPU.ActiveCfg = Debug|Any CPU
		{836C4A96-DC57-4FAF-ABB8-A28FC1CF54A4}.Debug|Any CPU.Build.0 = Debug|Any CPU
		{836C4A96-DC57-4FAF-ABB8-A28FC1CF54A4}.Release|Any CPU.ActiveCfg = Release|Any CPU
		{836C4A96-DC57-4FAF-ABB8-A28FC1CF54A4}.Release|Any CPU.Build.0 = Release|Any CPU
		{BF6AE791-D8C5-4DD7-B250-C4C7A6322B01}.Debug|Any CPU.ActiveCfg = Debug|Any CPU
		{BF6AE791-D8C5-4DD7-B250-C4C7A6322B01}.Debug|Any CPU.Build.0 = Debug|Any CPU
		{BF6AE791-D8C5-4DD7-B250-C4C7A6322B01}.Release|Any CPU.ActiveCfg = Release|Any CPU
		{BF6AE791-D8C5-4DD7-B250-C4C7A6322B01}.Release|Any CPU.Build.0 = Release|Any CPU
	EndGlobalSection
	GlobalSection(SolutionProperties) = preSolution
		HideSolutionNode = FALSE
	EndGlobalSection
	GlobalSection(NestedProjects) = preSolution
		{2949B017-FAC1-4982-A981-754D7775BF7D} = {4E355EDB-2A8D-4145-A921-E5AAEC4EFD2F}
		{8E336D00-727E-453C-A2D8-458BE9679DDA} = {2949B017-FAC1-4982-A981-754D7775BF7D}
		{66B3162F-8DBE-4C4D-A53E-D2E2079B6525} = {4E355EDB-2A8D-4145-A921-E5AAEC4EFD2F}
		{C425FF84-B3C9-4B54-86D1-5AE247677013} = {66B3162F-8DBE-4C4D-A53E-D2E2079B6525}
		{83BE8224-30C3-47CA-ACAA-8A76AA8F524D} = {4E355EDB-2A8D-4145-A921-E5AAEC4EFD2F}
		{54C400D3-50D7-431B-8D66-E5E088D1C4B7} = {83BE8224-30C3-47CA-ACAA-8A76AA8F524D}
		{0320CB85-7304-40E4-80E7-5BEA195644A1} = {66B3162F-8DBE-4C4D-A53E-D2E2079B6525}
		{836C4A96-DC57-4FAF-ABB8-A28FC1CF54A4} = {83BE8224-30C3-47CA-ACAA-8A76AA8F524D}
	EndGlobalSection
	GlobalSection(ExtensibilityGlobals) = postSolution
		SolutionGuid = {0376A50F-BD3F-4190-A19E-2A0440300246}
	EndGlobalSection
EndGlobal
