
Microsoft Visual Studio Solution File, Format Version 12.00
# Visual Studio Version 16
VisualStudioVersion = 16.0.31205.134
MinimumVisualStudioVersion = 10.0.40219.1
Project("{2150E333-8FDC-42A3-9474-1A3956D46DE8}") = "ShopManagement", "ShopManagement", "{4E355EDB-2A8D-4145-A921-E5AAEC4EFD2F}"
EndProject
Project("{2150E333-8FDC-42A3-9474-1A3956D46DE8}") = "SM.Domain", "SM.Domain", "{2949B017-FAC1-4982-A981-754D7775BF7D}"
EndProject
Project("{9A19103F-16F7-4668-BE54-9A1E7A4F7556}") = "ShopManagement.Domain", "ShopManagement.Domain\ShopManagement.Domain.csproj", "{8E336D00-727E-453C-A2D8-458BE9679DDA}"
EndProject
Project("{2150E333-8FDC-42A3-9474-1A3956D46DE8}") = "SM.Application", "SM.Application", "{66B3162F-8DBE-4C4D-A53E-D2E2079B6525}"
EndProject
Project("{9A19103F-16F7-4668-BE54-9A1E7A4F7556}") = "ShopManagement.Application.Contracts", "ShopManagement.Application.Contracts\ShopManagement.Application.Contracts.csproj", "{C425FF84-B3C9-4B54-86D1-5AE247677013}"
EndProject
Project("{2150E333-8FDC-42A3-9474-1A3956D46DE8}") = "SM.Infrastructure", "SM.Infrastructure", "{83BE8224-30C3-47CA-ACAA-8A76AA8F524D}"
EndProject
Project("{9A19103F-16F7-4668-BE54-9A1E7A4F7556}") = "SopManagement.Infrastructure.EFCore", "SopManagement.Infrastructure.EFCore\SopManagement.Infrastructure.EFCore.csproj", "{54C400D3-50D7-431B-8D66-E5E088D1C4B7}"
EndProject
Project("{9A19103F-16F7-4668-BE54-9A1E7A4F7556}") = "ShopManagement.Application", "ShopManagement.Application\ShopManagement.Application.csproj", "{0320CB85-7304-40E4-80E7-5BEA195644A1}"
EndProject
Project("{9A19103F-16F7-4668-BE54-9A1E7A4F7556}") = "0_Framework", "0_Framework\0_Framework.csproj", "{B87936E1-6A67-4BD9-BEE6-0CA9B3BC29C9}"
EndProject
Project("{9A19103F-16F7-4668-BE54-9A1E7A4F7556}") = "ShopManagement.Configuration", "ShopManagment.Configuration\ShopManagement.Configuration.csproj", "{836C4A96-DC57-4FAF-ABB8-A28FC1CF54A4}"
EndProject
Project("{9A19103F-16F7-4668-BE54-9A1E7A4F7556}") = "ServiceHost", "ServiceHost\ServiceHost.csproj", "{BF6AE791-D8C5-4DD7-B250-C4C7A6322B01}"
EndProject
Project("{9A19103F-16F7-4668-BE54-9A1E7A4F7556}") = "01_LampshadeQuery", "01_LampshadeQuery\01_LampshadeQuery.csproj", "{14AAB918-DAD2-449E-9548-CF7BA5D2889E}"
EndProject
Project("{2150E333-8FDC-42A3-9474-1A3956D46DE8}") = "DiscountManagement", "DiscountManagement", "{E222A2C1-EA42-4BF0-8652-00626F902060}"
EndProject
Project("{2150E333-8FDC-42A3-9474-1A3956D46DE8}") = "DM.Domain", "DM.Domain", "{8E3896B0-8CC5-4478-A282-8094D94EA5FA}"
EndProject
Project("{9A19103F-16F7-4668-BE54-9A1E7A4F7556}") = "DiscountManagement.Domain", "DiscountManagement.Domain\DiscountManagement.Domain.csproj", "{E6D626F7-34CC-45BC-AE73-D5D4FF82F89E}"
EndProject
Project("{2150E333-8FDC-42A3-9474-1A3956D46DE8}") = "DM.Application", "DM.Application", "{C0DE75EC-A586-40E6-84AC-603E5EEC15DB}"
EndProject
Project("{9A19103F-16F7-4668-BE54-9A1E7A4F7556}") = "DiscountManagement.Application.Contract", "DiscountManagement.Application.Contract\DiscountManagement.Application.Contract.csproj", "{CFC7EDDE-A84C-4881-AEF0-2CB3ADD948AB}"
EndProject
Project("{9A19103F-16F7-4668-BE54-9A1E7A4F7556}") = "DiscountManagement.Application", "DiscountManagement.Application\DiscountManagement.Application.csproj", "{6CE30401-2DC4-4614-AC4C-5CB7A477BB25}"
EndProject
Project("{2150E333-8FDC-42A3-9474-1A3956D46DE8}") = "DM.Infrastructure", "DM.Infrastructure", "{A538CBFA-FDA4-47F6-8391-2164F4958013}"
EndProject
Project("{9A19103F-16F7-4668-BE54-9A1E7A4F7556}") = "DiscountManagement.Infrastructure.EFCore", "CustomerDiscount.Infrastructure.EFCore\DiscountManagement.Infrastructure.EFCore.csproj", "{B87D94E8-F7AE-4A14-9241-8CEE555652AE}"
EndProject
Project("{9A19103F-16F7-4668-BE54-9A1E7A4F7556}") = "DiscountManagement.Configuration", "DiscountManagement.Configuration\DiscountManagement.Configuration.csproj", "{47ABED49-D419-440F-A69E-6F9699539047}"
EndProject
Project("{2150E333-8FDC-42A3-9474-1A3956D46DE8}") = "InventoryManagement", "InventoryManagement", "{4CC7FF52-E497-4517-9FB6-ADEDADA76037}"
EndProject
Project("{2150E333-8FDC-42A3-9474-1A3956D46DE8}") = "IM.Domain", "IM.Domain", "{9B1ADFFF-A533-4EA4-B799-24F0FC26A05B}"
EndProject
Project("{9A19103F-16F7-4668-BE54-9A1E7A4F7556}") = "InventoryManagement.Domain", "InventoryManagement.Domain\InventoryManagement.Domain.csproj", "{FF811593-9CA7-416E-B237-9DF45174E19E}"
EndProject
Project("{2150E333-8FDC-42A3-9474-1A3956D46DE8}") = "IM.Application", "IM.Application", "{CF28AF21-94A5-4F0A-B43F-4EFCD0669BAF}"
EndProject
Project("{9A19103F-16F7-4668-BE54-9A1E7A4F7556}") = "InventoryManagement.Application.Contract", "InventoryManagement.Application.Contract\InventoryManagement.Application.Contract.csproj", "{E817A0F0-F305-4C14-B4B4-E5CE5D3214AC}"
EndProject
Project("{2150E333-8FDC-42A3-9474-1A3956D46DE8}") = "IM.Infratructure", "IM.Infratructure", "{28475A6C-B825-485B-A574-076062B0C6A1}"
EndProject
Project("{9A19103F-16F7-4668-BE54-9A1E7A4F7556}") = "InventoryManagement.Infrastructure.EFCore", "InventoryManagement.Infrastructure.EFCore\InventoryManagement.Infrastructure.EFCore.csproj", "{E1AA3DCE-35A7-4835-A4E9-6AA07012EDE6}"
EndProject
Project("{9A19103F-16F7-4668-BE54-9A1E7A4F7556}") = "InventoryManagement.Infrastructure.Configuration", "InventoryManagement.Infrastructure.Configuration\InventoryManagement.Infrastructure.Configuration.csproj", "{0FC362A3-AD17-4594-9BD0-374D552BF01C}"
EndProject
Project("{9A19103F-16F7-4668-BE54-9A1E7A4F7556}") = "InventoryManagement.Application", "InventoryManagement.Application\InventoryManagement.Application.csproj", "{5DA96CF2-C347-44A7-91AB-526E2ADD2DA1}"
EndProject
Project("{2150E333-8FDC-42A3-9474-1A3956D46DE8}") = "BlogManagement", "BlogManagement", "{67C9F835-248A-43E7-B244-3A6C1744C96E}"
EndProject
Project("{2150E333-8FDC-42A3-9474-1A3956D46DE8}") = "BM.Domain", "BM.Domain", "{8418C787-AE79-4F9B-9292-0D28D2616D31}"
EndProject
Project("{9A19103F-16F7-4668-BE54-9A1E7A4F7556}") = "BlogManagement.Domain", "BlogManagement.Domain\BlogManagement.Domain.csproj", "{EC1202D7-A83E-4B3B-839E-00E489625D8E}"
EndProject
Project("{2150E333-8FDC-42A3-9474-1A3956D46DE8}") = "BM.Application", "BM.Application", "{364F0579-8A28-4263-AD5E-305587FF8862}"
EndProject
Project("{9A19103F-16F7-4668-BE54-9A1E7A4F7556}") = "BlogManagement.Application.Contract", "BlogManagement.Application.Contract\BlogManagement.Application.Contract.csproj", "{8F9A4981-288E-40F8-AE81-13CA5FD9CDD4}"
EndProject
Project("{9A19103F-16F7-4668-BE54-9A1E7A4F7556}") = "BlogManagement.Application", "BlogManagement.Application\BlogManagement.Application.csproj", "{8DC6F92E-D268-4FE5-9240-83186220B548}"
EndProject
Project("{2150E333-8FDC-42A3-9474-1A3956D46DE8}") = "BM.Infrastructure", "BM.Infrastructure", "{27D25CCB-BB9E-4E13-A7EC-1990A8673AF9}"
EndProject
Project("{9A19103F-16F7-4668-BE54-9A1E7A4F7556}") = "BlogManagement.Infrastructure.EFCore", "BlogManagement.Infrastructrue.EFCore\BlogManagement.Infrastructure.EFCore.csproj", "{C2D1C2A8-44F8-4C75-9CEC-15ECA012CF23}"
EndProject
Project("{9A19103F-16F7-4668-BE54-9A1E7A4F7556}") = "BlogManagement.Infrastructure.Configuration", "BlogManagement.Infrastructure.Configuration\BlogManagement.Infrastructure.Configuration.csproj", "{A58D76CC-561B-4A3F-8742-166839D81F02}"
EndProject
Project("{2150E333-8FDC-42A3-9474-1A3956D46DE8}") = "CommentManagement", "CommentManagement", "{AC1F9D80-9B73-4D28-A5BD-A3B2D89955CB}"
EndProject
Project("{2150E333-8FDC-42A3-9474-1A3956D46DE8}") = "CM.Domain", "CM.Domain", "{BA0D1361-2E24-4DD0-BF59-997DB1FB720E}"
EndProject
Project("{9A19103F-16F7-4668-BE54-9A1E7A4F7556}") = "CommentManagement.Domain", "CommentManagement.Domain\CommentManagement.Domain.csproj", "{DDECA842-B7CD-40C1-A011-C617174DD15D}"
EndProject
Project("{2150E333-8FDC-42A3-9474-1A3956D46DE8}") = "CM.Application", "CM.Application", "{3BD910F2-3B96-428E-8382-21BA42D0A3D8}"
EndProject
Project("{9A19103F-16F7-4668-BE54-9A1E7A4F7556}") = "CommentManagement.Application.Contracts", "CommentManagement.Application.Contracts\CommentManagement.Application.Contracts.csproj", "{B70AAE41-58B8-4F16-BD9B-DC4606D88F5B}"
EndProject
Project("{9A19103F-16F7-4668-BE54-9A1E7A4F7556}") = "CommentManagement.Application", "CommentManagement.Application\CommentManagement.Application.csproj", "{F2118CF3-0D1F-4E6D-8E66-98E21F78E695}"
EndProject
Project("{2150E333-8FDC-42A3-9474-1A3956D46DE8}") = "CM.Infrastructure", "CM.Infrastructure", "{D0AB1A88-1641-4251-BDA4-39C49608EDE7}"
EndProject
Project("{9A19103F-16F7-4668-BE54-9A1E7A4F7556}") = "CommentManagement.Infrastructure.EFCore", "CommentManagement.Infrastructure.EFCore\CommentManagement.Infrastructure.EFCore.csproj", "{CF0FB60F-1AFA-47FB-BE94-22F3C2D00E00}"
EndProject
Project("{9A19103F-16F7-4668-BE54-9A1E7A4F7556}") = "CommentManagement.Infrastructure.Configuration", "CommentManagement.Infrastructure.Configuration\CommentManagement.Infrastructure.Configuration.csproj", "{2DEED298-BA06-431B-BEAE-CA399B012B2F}"
EndProject
Project("{2150E333-8FDC-42A3-9474-1A3956D46DE8}") = "AccountManagement", "AccountManagement", "{E0056CE8-A8DD-4C4D-A23F-728D48BA2D4C}"
EndProject
Project("{2150E333-8FDC-42A3-9474-1A3956D46DE8}") = "AM.Domain", "AM.Domain", "{7184BEFD-3D3A-4FB8-A14F-FA1AF5BA9BE7}"
EndProject
Project("{9A19103F-16F7-4668-BE54-9A1E7A4F7556}") = "AccountManagement.Domain", "AccountManagement.Domain\AccountManagement.Domain.csproj", "{0CDE081D-8BA9-4EC4-83FC-5EAB00C20B82}"
EndProject
Project("{2150E333-8FDC-42A3-9474-1A3956D46DE8}") = "AM.Application", "AM.Application", "{1B6415C2-84EB-4C3C-9AC9-E4E5F1E11AC0}"
EndProject
Project("{9A19103F-16F7-4668-BE54-9A1E7A4F7556}") = "AccountManagement.Application.Contracts", "AccountManagement.Application.Contracts\AccountManagement.Application.Contracts.csproj", "{52BD7B41-C66B-4129-9E73-4A80CDA39FE0}"
EndProject
Project("{9A19103F-16F7-4668-BE54-9A1E7A4F7556}") = "AccountManagement.Application", "AccountManagement.Application\AccountManagement.Application.csproj", "{2004565A-29EA-446C-A871-295C495D49C7}"
EndProject
Project("{2150E333-8FDC-42A3-9474-1A3956D46DE8}") = "AM.Infrastructure", "AM.Infrastructure", "{B2C049C9-B2FF-4753-ACDC-8248E0F6B351}"
EndProject
Project("{9A19103F-16F7-4668-BE54-9A1E7A4F7556}") = "AccountManagement.Infrastructure.EFCore", "AccountManagement.Infrastructure.EFCore\AccountManagement.Infrastructure.EFCore.csproj", "{81ED9E64-DCCC-4095-B6B6-D48F49B5D44A}"
EndProject
Project("{9A19103F-16F7-4668-BE54-9A1E7A4F7556}") = "AccountManagement.Infrastructure.Configuration", "AccountManagement.Infrastructure.Configuration\AccountManagement.Infrastructure.Configuration.csproj", "{38185E3C-B1ED-403D-A9EC-8C8976FBC3DA}"
EndProject
Global
	GlobalSection(SolutionConfigurationPlatforms) = preSolution
		Debug|Any CPU = Debug|Any CPU
		Release|Any CPU = Release|Any CPU
	EndGlobalSection
	GlobalSection(ProjectConfigurationPlatforms) = postSolution
		{8E336D00-727E-453C-A2D8-458BE9679DDA}.Debug|Any CPU.ActiveCfg = Debug|Any CPU
		{8E336D00-727E-453C-A2D8-458BE9679DDA}.Debug|Any CPU.Build.0 = Debug|Any CPU
		{8E336D00-727E-453C-A2D8-458BE9679DDA}.Release|Any CPU.ActiveCfg = Release|Any CPU
		{8E336D00-727E-453C-A2D8-458BE9679DDA}.Release|Any CPU.Build.0 = Release|Any CPU
		{C425FF84-B3C9-4B54-86D1-5AE247677013}.Debug|Any CPU.ActiveCfg = Debug|Any CPU
		{C425FF84-B3C9-4B54-86D1-5AE247677013}.Debug|Any CPU.Build.0 = Debug|Any CPU
		{C425FF84-B3C9-4B54-86D1-5AE247677013}.Release|Any CPU.ActiveCfg = Release|Any CPU
		{C425FF84-B3C9-4B54-86D1-5AE247677013}.Release|Any CPU.Build.0 = Release|Any CPU
		{54C400D3-50D7-431B-8D66-E5E088D1C4B7}.Debug|Any CPU.ActiveCfg = Debug|Any CPU
		{54C400D3-50D7-431B-8D66-E5E088D1C4B7}.Debug|Any CPU.Build.0 = Debug|Any CPU
		{54C400D3-50D7-431B-8D66-E5E088D1C4B7}.Release|Any CPU.ActiveCfg = Release|Any CPU
		{54C400D3-50D7-431B-8D66-E5E088D1C4B7}.Release|Any CPU.Build.0 = Release|Any CPU
		{0320CB85-7304-40E4-80E7-5BEA195644A1}.Debug|Any CPU.ActiveCfg = Debug|Any CPU
		{0320CB85-7304-40E4-80E7-5BEA195644A1}.Debug|Any CPU.Build.0 = Debug|Any CPU
		{0320CB85-7304-40E4-80E7-5BEA195644A1}.Release|Any CPU.ActiveCfg = Release|Any CPU
		{0320CB85-7304-40E4-80E7-5BEA195644A1}.Release|Any CPU.Build.0 = Release|Any CPU
		{B87936E1-6A67-4BD9-BEE6-0CA9B3BC29C9}.Debug|Any CPU.ActiveCfg = Debug|Any CPU
		{B87936E1-6A67-4BD9-BEE6-0CA9B3BC29C9}.Debug|Any CPU.Build.0 = Debug|Any CPU
		{B87936E1-6A67-4BD9-BEE6-0CA9B3BC29C9}.Release|Any CPU.ActiveCfg = Release|Any CPU
		{B87936E1-6A67-4BD9-BEE6-0CA9B3BC29C9}.Release|Any CPU.Build.0 = Release|Any CPU
		{836C4A96-DC57-4FAF-ABB8-A28FC1CF54A4}.Debug|Any CPU.ActiveCfg = Debug|Any CPU
		{836C4A96-DC57-4FAF-ABB8-A28FC1CF54A4}.Debug|Any CPU.Build.0 = Debug|Any CPU
		{836C4A96-DC57-4FAF-ABB8-A28FC1CF54A4}.Release|Any CPU.ActiveCfg = Release|Any CPU
		{836C4A96-DC57-4FAF-ABB8-A28FC1CF54A4}.Release|Any CPU.Build.0 = Release|Any CPU
		{BF6AE791-D8C5-4DD7-B250-C4C7A6322B01}.Debug|Any CPU.ActiveCfg = Debug|Any CPU
		{BF6AE791-D8C5-4DD7-B250-C4C7A6322B01}.Debug|Any CPU.Build.0 = Debug|Any CPU
		{BF6AE791-D8C5-4DD7-B250-C4C7A6322B01}.Release|Any CPU.ActiveCfg = Release|Any CPU
		{BF6AE791-D8C5-4DD7-B250-C4C7A6322B01}.Release|Any CPU.Build.0 = Release|Any CPU
		{14AAB918-DAD2-449E-9548-CF7BA5D2889E}.Debug|Any CPU.ActiveCfg = Debug|Any CPU
		{14AAB918-DAD2-449E-9548-CF7BA5D2889E}.Debug|Any CPU.Build.0 = Debug|Any CPU
		{14AAB918-DAD2-449E-9548-CF7BA5D2889E}.Release|Any CPU.ActiveCfg = Release|Any CPU
		{14AAB918-DAD2-449E-9548-CF7BA5D2889E}.Release|Any CPU.Build.0 = Release|Any CPU
		{E6D626F7-34CC-45BC-AE73-D5D4FF82F89E}.Debug|Any CPU.ActiveCfg = Debug|Any CPU
		{E6D626F7-34CC-45BC-AE73-D5D4FF82F89E}.Debug|Any CPU.Build.0 = Debug|Any CPU
		{E6D626F7-34CC-45BC-AE73-D5D4FF82F89E}.Release|Any CPU.ActiveCfg = Release|Any CPU
		{E6D626F7-34CC-45BC-AE73-D5D4FF82F89E}.Release|Any CPU.Build.0 = Release|Any CPU
		{CFC7EDDE-A84C-4881-AEF0-2CB3ADD948AB}.Debug|Any CPU.ActiveCfg = Debug|Any CPU
		{CFC7EDDE-A84C-4881-AEF0-2CB3ADD948AB}.Debug|Any CPU.Build.0 = Debug|Any CPU
		{CFC7EDDE-A84C-4881-AEF0-2CB3ADD948AB}.Release|Any CPU.ActiveCfg = Release|Any CPU
		{CFC7EDDE-A84C-4881-AEF0-2CB3ADD948AB}.Release|Any CPU.Build.0 = Release|Any CPU
		{6CE30401-2DC4-4614-AC4C-5CB7A477BB25}.Debug|Any CPU.ActiveCfg = Debug|Any CPU
		{6CE30401-2DC4-4614-AC4C-5CB7A477BB25}.Debug|Any CPU.Build.0 = Debug|Any CPU
		{6CE30401-2DC4-4614-AC4C-5CB7A477BB25}.Release|Any CPU.ActiveCfg = Release|Any CPU
		{6CE30401-2DC4-4614-AC4C-5CB7A477BB25}.Release|Any CPU.Build.0 = Release|Any CPU
		{B87D94E8-F7AE-4A14-9241-8CEE555652AE}.Debug|Any CPU.ActiveCfg = Debug|Any CPU
		{B87D94E8-F7AE-4A14-9241-8CEE555652AE}.Debug|Any CPU.Build.0 = Debug|Any CPU
		{B87D94E8-F7AE-4A14-9241-8CEE555652AE}.Release|Any CPU.ActiveCfg = Release|Any CPU
		{B87D94E8-F7AE-4A14-9241-8CEE555652AE}.Release|Any CPU.Build.0 = Release|Any CPU
		{47ABED49-D419-440F-A69E-6F9699539047}.Debug|Any CPU.ActiveCfg = Debug|Any CPU
		{47ABED49-D419-440F-A69E-6F9699539047}.Debug|Any CPU.Build.0 = Debug|Any CPU
		{47ABED49-D419-440F-A69E-6F9699539047}.Release|Any CPU.ActiveCfg = Release|Any CPU
		{47ABED49-D419-440F-A69E-6F9699539047}.Release|Any CPU.Build.0 = Release|Any CPU
		{FF811593-9CA7-416E-B237-9DF45174E19E}.Debug|Any CPU.ActiveCfg = Debug|Any CPU
		{FF811593-9CA7-416E-B237-9DF45174E19E}.Debug|Any CPU.Build.0 = Debug|Any CPU
		{FF811593-9CA7-416E-B237-9DF45174E19E}.Release|Any CPU.ActiveCfg = Release|Any CPU
		{FF811593-9CA7-416E-B237-9DF45174E19E}.Release|Any CPU.Build.0 = Release|Any CPU
		{E817A0F0-F305-4C14-B4B4-E5CE5D3214AC}.Debug|Any CPU.ActiveCfg = Debug|Any CPU
		{E817A0F0-F305-4C14-B4B4-E5CE5D3214AC}.Debug|Any CPU.Build.0 = Debug|Any CPU
		{E817A0F0-F305-4C14-B4B4-E5CE5D3214AC}.Release|Any CPU.ActiveCfg = Release|Any CPU
		{E817A0F0-F305-4C14-B4B4-E5CE5D3214AC}.Release|Any CPU.Build.0 = Release|Any CPU
		{E1AA3DCE-35A7-4835-A4E9-6AA07012EDE6}.Debug|Any CPU.ActiveCfg = Debug|Any CPU
		{E1AA3DCE-35A7-4835-A4E9-6AA07012EDE6}.Debug|Any CPU.Build.0 = Debug|Any CPU
		{E1AA3DCE-35A7-4835-A4E9-6AA07012EDE6}.Release|Any CPU.ActiveCfg = Release|Any CPU
		{E1AA3DCE-35A7-4835-A4E9-6AA07012EDE6}.Release|Any CPU.Build.0 = Release|Any CPU
		{0FC362A3-AD17-4594-9BD0-374D552BF01C}.Debug|Any CPU.ActiveCfg = Debug|Any CPU
		{0FC362A3-AD17-4594-9BD0-374D552BF01C}.Debug|Any CPU.Build.0 = Debug|Any CPU
		{0FC362A3-AD17-4594-9BD0-374D552BF01C}.Release|Any CPU.ActiveCfg = Release|Any CPU
		{0FC362A3-AD17-4594-9BD0-374D552BF01C}.Release|Any CPU.Build.0 = Release|Any CPU
		{5DA96CF2-C347-44A7-91AB-526E2ADD2DA1}.Debug|Any CPU.ActiveCfg = Debug|Any CPU
		{5DA96CF2-C347-44A7-91AB-526E2ADD2DA1}.Debug|Any CPU.Build.0 = Debug|Any CPU
		{5DA96CF2-C347-44A7-91AB-526E2ADD2DA1}.Release|Any CPU.ActiveCfg = Release|Any CPU
		{5DA96CF2-C347-44A7-91AB-526E2ADD2DA1}.Release|Any CPU.Build.0 = Release|Any CPU
		{EC1202D7-A83E-4B3B-839E-00E489625D8E}.Debug|Any CPU.ActiveCfg = Debug|Any CPU
		{EC1202D7-A83E-4B3B-839E-00E489625D8E}.Debug|Any CPU.Build.0 = Debug|Any CPU
		{EC1202D7-A83E-4B3B-839E-00E489625D8E}.Release|Any CPU.ActiveCfg = Release|Any CPU
		{EC1202D7-A83E-4B3B-839E-00E489625D8E}.Release|Any CPU.Build.0 = Release|Any CPU
		{8F9A4981-288E-40F8-AE81-13CA5FD9CDD4}.Debug|Any CPU.ActiveCfg = Debug|Any CPU
		{8F9A4981-288E-40F8-AE81-13CA5FD9CDD4}.Debug|Any CPU.Build.0 = Debug|Any CPU
		{8F9A4981-288E-40F8-AE81-13CA5FD9CDD4}.Release|Any CPU.ActiveCfg = Release|Any CPU
		{8F9A4981-288E-40F8-AE81-13CA5FD9CDD4}.Release|Any CPU.Build.0 = Release|Any CPU
		{8DC6F92E-D268-4FE5-9240-83186220B548}.Debug|Any CPU.ActiveCfg = Debug|Any CPU
		{8DC6F92E-D268-4FE5-9240-83186220B548}.Debug|Any CPU.Build.0 = Debug|Any CPU
		{8DC6F92E-D268-4FE5-9240-83186220B548}.Release|Any CPU.ActiveCfg = Release|Any CPU
		{8DC6F92E-D268-4FE5-9240-83186220B548}.Release|Any CPU.Build.0 = Release|Any CPU
		{C2D1C2A8-44F8-4C75-9CEC-15ECA012CF23}.Debug|Any CPU.ActiveCfg = Debug|Any CPU
		{C2D1C2A8-44F8-4C75-9CEC-15ECA012CF23}.Debug|Any CPU.Build.0 = Debug|Any CPU
		{C2D1C2A8-44F8-4C75-9CEC-15ECA012CF23}.Release|Any CPU.ActiveCfg = Release|Any CPU
		{C2D1C2A8-44F8-4C75-9CEC-15ECA012CF23}.Release|Any CPU.Build.0 = Release|Any CPU
		{A58D76CC-561B-4A3F-8742-166839D81F02}.Debug|Any CPU.ActiveCfg = Debug|Any CPU
		{A58D76CC-561B-4A3F-8742-166839D81F02}.Debug|Any CPU.Build.0 = Debug|Any CPU
		{A58D76CC-561B-4A3F-8742-166839D81F02}.Release|Any CPU.ActiveCfg = Release|Any CPU
		{A58D76CC-561B-4A3F-8742-166839D81F02}.Release|Any CPU.Build.0 = Release|Any CPU
		{DDECA842-B7CD-40C1-A011-C617174DD15D}.Debug|Any CPU.ActiveCfg = Debug|Any CPU
		{DDECA842-B7CD-40C1-A011-C617174DD15D}.Debug|Any CPU.Build.0 = Debug|Any CPU
		{DDECA842-B7CD-40C1-A011-C617174DD15D}.Release|Any CPU.ActiveCfg = Release|Any CPU
		{DDECA842-B7CD-40C1-A011-C617174DD15D}.Release|Any CPU.Build.0 = Release|Any CPU
		{B70AAE41-58B8-4F16-BD9B-DC4606D88F5B}.Debug|Any CPU.ActiveCfg = Debug|Any CPU
		{B70AAE41-58B8-4F16-BD9B-DC4606D88F5B}.Debug|Any CPU.Build.0 = Debug|Any CPU
		{B70AAE41-58B8-4F16-BD9B-DC4606D88F5B}.Release|Any CPU.ActiveCfg = Release|Any CPU
		{B70AAE41-58B8-4F16-BD9B-DC4606D88F5B}.Release|Any CPU.Build.0 = Release|Any CPU
		{F2118CF3-0D1F-4E6D-8E66-98E21F78E695}.Debug|Any CPU.ActiveCfg = Debug|Any CPU
		{F2118CF3-0D1F-4E6D-8E66-98E21F78E695}.Debug|Any CPU.Build.0 = Debug|Any CPU
		{F2118CF3-0D1F-4E6D-8E66-98E21F78E695}.Release|Any CPU.ActiveCfg = Release|Any CPU
		{F2118CF3-0D1F-4E6D-8E66-98E21F78E695}.Release|Any CPU.Build.0 = Release|Any CPU
		{CF0FB60F-1AFA-47FB-BE94-22F3C2D00E00}.Debug|Any CPU.ActiveCfg = Debug|Any CPU
		{CF0FB60F-1AFA-47FB-BE94-22F3C2D00E00}.Debug|Any CPU.Build.0 = Debug|Any CPU
		{CF0FB60F-1AFA-47FB-BE94-22F3C2D00E00}.Release|Any CPU.ActiveCfg = Release|Any CPU
		{CF0FB60F-1AFA-47FB-BE94-22F3C2D00E00}.Release|Any CPU.Build.0 = Release|Any CPU
		{2DEED298-BA06-431B-BEAE-CA399B012B2F}.Debug|Any CPU.ActiveCfg = Debug|Any CPU
		{2DEED298-BA06-431B-BEAE-CA399B012B2F}.Debug|Any CPU.Build.0 = Debug|Any CPU
		{2DEED298-BA06-431B-BEAE-CA399B012B2F}.Release|Any CPU.ActiveCfg = Release|Any CPU
		{2DEED298-BA06-431B-BEAE-CA399B012B2F}.Release|Any CPU.Build.0 = Release|Any CPU
		{0CDE081D-8BA9-4EC4-83FC-5EAB00C20B82}.Debug|Any CPU.ActiveCfg = Debug|Any CPU
		{0CDE081D-8BA9-4EC4-83FC-5EAB00C20B82}.Debug|Any CPU.Build.0 = Debug|Any CPU
		{0CDE081D-8BA9-4EC4-83FC-5EAB00C20B82}.Release|Any CPU.ActiveCfg = Release|Any CPU
		{0CDE081D-8BA9-4EC4-83FC-5EAB00C20B82}.Release|Any CPU.Build.0 = Release|Any CPU
		{52BD7B41-C66B-4129-9E73-4A80CDA39FE0}.Debug|Any CPU.ActiveCfg = Debug|Any CPU
		{52BD7B41-C66B-4129-9E73-4A80CDA39FE0}.Debug|Any CPU.Build.0 = Debug|Any CPU
		{52BD7B41-C66B-4129-9E73-4A80CDA39FE0}.Release|Any CPU.ActiveCfg = Release|Any CPU
		{52BD7B41-C66B-4129-9E73-4A80CDA39FE0}.Release|Any CPU.Build.0 = Release|Any CPU
		{2004565A-29EA-446C-A871-295C495D49C7}.Debug|Any CPU.ActiveCfg = Debug|Any CPU
		{2004565A-29EA-446C-A871-295C495D49C7}.Debug|Any CPU.Build.0 = Debug|Any CPU
		{2004565A-29EA-446C-A871-295C495D49C7}.Release|Any CPU.ActiveCfg = Release|Any CPU
		{2004565A-29EA-446C-A871-295C495D49C7}.Release|Any CPU.Build.0 = Release|Any CPU
		{81ED9E64-DCCC-4095-B6B6-D48F49B5D44A}.Debug|Any CPU.ActiveCfg = Debug|Any CPU
		{81ED9E64-DCCC-4095-B6B6-D48F49B5D44A}.Debug|Any CPU.Build.0 = Debug|Any CPU
		{81ED9E64-DCCC-4095-B6B6-D48F49B5D44A}.Release|Any CPU.ActiveCfg = Release|Any CPU
		{81ED9E64-DCCC-4095-B6B6-D48F49B5D44A}.Release|Any CPU.Build.0 = Release|Any CPU
		{38185E3C-B1ED-403D-A9EC-8C8976FBC3DA}.Debug|Any CPU.ActiveCfg = Debug|Any CPU
		{38185E3C-B1ED-403D-A9EC-8C8976FBC3DA}.Debug|Any CPU.Build.0 = Debug|Any CPU
		{38185E3C-B1ED-403D-A9EC-8C8976FBC3DA}.Release|Any CPU.ActiveCfg = Release|Any CPU
		{38185E3C-B1ED-403D-A9EC-8C8976FBC3DA}.Release|Any CPU.Build.0 = Release|Any CPU
	EndGlobalSection
	GlobalSection(SolutionProperties) = preSolution
		HideSolutionNode = FALSE
	EndGlobalSection
	GlobalSection(NestedProjects) = preSolution
		{2949B017-FAC1-4982-A981-754D7775BF7D} = {4E355EDB-2A8D-4145-A921-E5AAEC4EFD2F}
		{8E336D00-727E-453C-A2D8-458BE9679DDA} = {2949B017-FAC1-4982-A981-754D7775BF7D}
		{66B3162F-8DBE-4C4D-A53E-D2E2079B6525} = {4E355EDB-2A8D-4145-A921-E5AAEC4EFD2F}
		{C425FF84-B3C9-4B54-86D1-5AE247677013} = {66B3162F-8DBE-4C4D-A53E-D2E2079B6525}
		{83BE8224-30C3-47CA-ACAA-8A76AA8F524D} = {4E355EDB-2A8D-4145-A921-E5AAEC4EFD2F}
		{54C400D3-50D7-431B-8D66-E5E088D1C4B7} = {83BE8224-30C3-47CA-ACAA-8A76AA8F524D}
		{0320CB85-7304-40E4-80E7-5BEA195644A1} = {66B3162F-8DBE-4C4D-A53E-D2E2079B6525}
		{836C4A96-DC57-4FAF-ABB8-A28FC1CF54A4} = {83BE8224-30C3-47CA-ACAA-8A76AA8F524D}
		{8E3896B0-8CC5-4478-A282-8094D94EA5FA} = {E222A2C1-EA42-4BF0-8652-00626F902060}
		{E6D626F7-34CC-45BC-AE73-D5D4FF82F89E} = {8E3896B0-8CC5-4478-A282-8094D94EA5FA}
		{C0DE75EC-A586-40E6-84AC-603E5EEC15DB} = {E222A2C1-EA42-4BF0-8652-00626F902060}
		{CFC7EDDE-A84C-4881-AEF0-2CB3ADD948AB} = {C0DE75EC-A586-40E6-84AC-603E5EEC15DB}
		{6CE30401-2DC4-4614-AC4C-5CB7A477BB25} = {C0DE75EC-A586-40E6-84AC-603E5EEC15DB}
		{A538CBFA-FDA4-47F6-8391-2164F4958013} = {E222A2C1-EA42-4BF0-8652-00626F902060}
		{B87D94E8-F7AE-4A14-9241-8CEE555652AE} = {A538CBFA-FDA4-47F6-8391-2164F4958013}
		{47ABED49-D419-440F-A69E-6F9699539047} = {A538CBFA-FDA4-47F6-8391-2164F4958013}
		{9B1ADFFF-A533-4EA4-B799-24F0FC26A05B} = {4CC7FF52-E497-4517-9FB6-ADEDADA76037}
		{FF811593-9CA7-416E-B237-9DF45174E19E} = {9B1ADFFF-A533-4EA4-B799-24F0FC26A05B}
		{CF28AF21-94A5-4F0A-B43F-4EFCD0669BAF} = {4CC7FF52-E497-4517-9FB6-ADEDADA76037}
		{E817A0F0-F305-4C14-B4B4-E5CE5D3214AC} = {CF28AF21-94A5-4F0A-B43F-4EFCD0669BAF}
		{28475A6C-B825-485B-A574-076062B0C6A1} = {4CC7FF52-E497-4517-9FB6-ADEDADA76037}
		{E1AA3DCE-35A7-4835-A4E9-6AA07012EDE6} = {28475A6C-B825-485B-A574-076062B0C6A1}
		{0FC362A3-AD17-4594-9BD0-374D552BF01C} = {28475A6C-B825-485B-A574-076062B0C6A1}
		{5DA96CF2-C347-44A7-91AB-526E2ADD2DA1} = {CF28AF21-94A5-4F0A-B43F-4EFCD0669BAF}
		{8418C787-AE79-4F9B-9292-0D28D2616D31} = {67C9F835-248A-43E7-B244-3A6C1744C96E}
		{EC1202D7-A83E-4B3B-839E-00E489625D8E} = {8418C787-AE79-4F9B-9292-0D28D2616D31}
		{364F0579-8A28-4263-AD5E-305587FF8862} = {67C9F835-248A-43E7-B244-3A6C1744C96E}
		{8F9A4981-288E-40F8-AE81-13CA5FD9CDD4} = {364F0579-8A28-4263-AD5E-305587FF8862}
		{8DC6F92E-D268-4FE5-9240-83186220B548} = {364F0579-8A28-4263-AD5E-305587FF8862}
		{27D25CCB-BB9E-4E13-A7EC-1990A8673AF9} = {67C9F835-248A-43E7-B244-3A6C1744C96E}
		{C2D1C2A8-44F8-4C75-9CEC-15ECA012CF23} = {27D25CCB-BB9E-4E13-A7EC-1990A8673AF9}
		{A58D76CC-561B-4A3F-8742-166839D81F02} = {27D25CCB-BB9E-4E13-A7EC-1990A8673AF9}
		{BA0D1361-2E24-4DD0-BF59-997DB1FB720E} = {AC1F9D80-9B73-4D28-A5BD-A3B2D89955CB}
		{DDECA842-B7CD-40C1-A011-C617174DD15D} = {BA0D1361-2E24-4DD0-BF59-997DB1FB720E}
		{3BD910F2-3B96-428E-8382-21BA42D0A3D8} = {AC1F9D80-9B73-4D28-A5BD-A3B2D89955CB}
		{B70AAE41-58B8-4F16-BD9B-DC4606D88F5B} = {3BD910F2-3B96-428E-8382-21BA42D0A3D8}
		{F2118CF3-0D1F-4E6D-8E66-98E21F78E695} = {3BD910F2-3B96-428E-8382-21BA42D0A3D8}
		{D0AB1A88-1641-4251-BDA4-39C49608EDE7} = {AC1F9D80-9B73-4D28-A5BD-A3B2D89955CB}
		{CF0FB60F-1AFA-47FB-BE94-22F3C2D00E00} = {D0AB1A88-1641-4251-BDA4-39C49608EDE7}
		{2DEED298-BA06-431B-BEAE-CA399B012B2F} = {D0AB1A88-1641-4251-BDA4-39C49608EDE7}
		{7184BEFD-3D3A-4FB8-A14F-FA1AF5BA9BE7} = {E0056CE8-A8DD-4C4D-A23F-728D48BA2D4C}
		{0CDE081D-8BA9-4EC4-83FC-5EAB00C20B82} = {7184BEFD-3D3A-4FB8-A14F-FA1AF5BA9BE7}
		{1B6415C2-84EB-4C3C-9AC9-E4E5F1E11AC0} = {E0056CE8-A8DD-4C4D-A23F-728D48BA2D4C}
		{52BD7B41-C66B-4129-9E73-4A80CDA39FE0} = {1B6415C2-84EB-4C3C-9AC9-E4E5F1E11AC0}
		{2004565A-29EA-446C-A871-295C495D49C7} = {1B6415C2-84EB-4C3C-9AC9-E4E5F1E11AC0}
		{B2C049C9-B2FF-4753-ACDC-8248E0F6B351} = {E0056CE8-A8DD-4C4D-A23F-728D48BA2D4C}
		{81ED9E64-DCCC-4095-B6B6-D48F49B5D44A} = {B2C049C9-B2FF-4753-ACDC-8248E0F6B351}
		{38185E3C-B1ED-403D-A9EC-8C8976FBC3DA} = {B2C049C9-B2FF-4753-ACDC-8248E0F6B351}
	EndGlobalSection
	GlobalSection(ExtensibilityGlobals) = postSolution
		SolutionGuid = {0376A50F-BD3F-4190-A19E-2A0440300246}
	EndGlobalSection
EndGlobal
